{
  "originHash" : "72f6406d45b9bed8ae68055354f5ab3c0e9573c9a86321e471488e9bdf20b058",
  "pins" : [
    {
      "identity" : "ircore",
      "kind" : "remoteSourceControl",
      "location" : "https://github.com/ios-roadmap/ircore.git",
      "state" : {
        "revision" : "9480559907db6e63ca4c07e574990011607b992f",
        "version" : "0.0.1"
      }
    },
    {
      "identity" : "irfoundation",
      "kind" : "remoteSourceControl",
      "location" : "https://github.com/ios-roadmap/IRFoundation.git",
      "state" : {
        "revision" : "e20c595128c35e52acdcc15acd913a9c518e386e",
        "version" : "0.0.1"
      }
    }
  ],
  "version" : 3
}
